// !$*UTF8*$!
{
	archiveVersion = 1;
	classes = {
	};
	objectVersion = 46;
	objects = {

/* Begin PBXBuildFile section */
		0D15BB857CFBFDDAA0DA1EE1 /* libPods.a in Frameworks */ = {isa = PBXBuildFile; fileRef = C65D1C999896C836ED7197AC /* libPods.a */; };
		A89CFE991C8E82E800679535 /* HFButton.m in Sources */ = {isa = PBXBuildFile; fileRef = A89CFE6B1C8E82E800679535 /* HFButton.m */; };
		A89CFE9A1C8E82E800679535 /* HFCollectionReusableView.m in Sources */ = {isa = PBXBuildFile; fileRef = A89CFE6E1C8E82E800679535 /* HFCollectionReusableView.m */; };
		A89CFE9B1C8E82E800679535 /* HFCollectionViewCell.m in Sources */ = {isa = PBXBuildFile; fileRef = A89CFE701C8E82E800679535 /* HFCollectionViewCell.m */; };
		A89CFE9C1C8E82E800679535 /* HFLabel.m in Sources */ = {isa = PBXBuildFile; fileRef = A89CFE731C8E82E800679535 /* HFLabel.m */; };
		A89CFE9D1C8E82E800679535 /* HFCollectionCellObj.m in Sources */ = {isa = PBXBuildFile; fileRef = A89CFE761C8E82E800679535 /* HFCollectionCellObj.m */; };
		A89CFE9E1C8E82E800679535 /* HFCollectionSectionObj.m in Sources */ = {isa = PBXBuildFile; fileRef = A89CFE781C8E82E800679535 /* HFCollectionSectionObj.m */; };
		A89CFE9F1C8E82E800679535 /* HFCustomTableCellObj.m in Sources */ = {isa = PBXBuildFile; fileRef = A89CFE7A1C8E82E800679535 /* HFCustomTableCellObj.m */; };
		A89CFEA01C8E82E800679535 /* HFCustomTableViewCell.m in Sources */ = {isa = PBXBuildFile; fileRef = A89CFE7C1C8E82E800679535 /* HFCustomTableViewCell.m */; };
		A89CFEA11C8E82E800679535 /* HFFormTableCellObj.m in Sources */ = {isa = PBXBuildFile; fileRef = A89CFE7E1C8E82E800679535 /* HFFormTableCellObj.m */; };
		A89CFEA21C8E82E800679535 /* HFFormTableViewCell.m in Sources */ = {isa = PBXBuildFile; fileRef = A89CFE801C8E82E800679535 /* HFFormTableViewCell.m */; };
		A89CFEA31C8E82E800679535 /* HFTableCellObj.m in Sources */ = {isa = PBXBuildFile; fileRef = A89CFE821C8E82E800679535 /* HFTableCellObj.m */; };
		A89CFEA41C8E82E800679535 /* HFTableSectionObj.m in Sources */ = {isa = PBXBuildFile; fileRef = A89CFE841C8E82E800679535 /* HFTableSectionObj.m */; };
		A89CFEA51C8E82E800679535 /* HFTableView.m in Sources */ = {isa = PBXBuildFile; fileRef = A89CFE861C8E82E800679535 /* HFTableView.m */; };
		A89CFEA61C8E82E800679535 /* HFTableViewCell.m in Sources */ = {isa = PBXBuildFile; fileRef = A89CFE881C8E82E800679535 /* HFTableViewCell.m */; };
		A89CFEA71C8E82E800679535 /* HFTextField.m in Sources */ = {isa = PBXBuildFile; fileRef = A89CFE8B1C8E82E800679535 /* HFTextField.m */; };
		A89CFEA81C8E82E800679535 /* HFTextView.m in Sources */ = {isa = PBXBuildFile; fileRef = A89CFE8E1C8E82E800679535 /* HFTextView.m */; };
		A89CFEA91C8E82E800679535 /* UIView+CGRect.m in Sources */ = {isa = PBXBuildFile; fileRef = A89CFE911C8E82E800679535 /* UIView+CGRect.m */; };
		A89CFEAA1C8E82E800679535 /* UIView+UserInfo.m in Sources */ = {isa = PBXBuildFile; fileRef = A89CFE931C8E82E800679535 /* UIView+UserInfo.m */; };
		A89CFEAB1C8E82E800679535 /* UIViewController+HFCollectionView.m in Sources */ = {isa = PBXBuildFile; fileRef = A89CFE961C8E82E800679535 /* UIViewController+HFCollectionView.m */; };
		A89CFEAC1C8E82E800679535 /* UIViewController+HFTableView.m in Sources */ = {isa = PBXBuildFile; fileRef = A89CFE981C8E82E800679535 /* UIViewController+HFTableView.m */; };
		A8BDB5461B8198190002F60F /* main.m in Sources */ = {isa = PBXBuildFile; fileRef = A8BDB5451B8198190002F60F /* main.m */; };
		A8BDB5491B8198190002F60F /* AppDelegate.m in Sources */ = {isa = PBXBuildFile; fileRef = A8BDB5481B8198190002F60F /* AppDelegate.m */; };
		A8BDB54C1B8198190002F60F /* ViewController.m in Sources */ = {isa = PBXBuildFile; fileRef = A8BDB54B1B8198190002F60F /* ViewController.m */; };
		A8BDB54F1B8198190002F60F /* Main.storyboard in Resources */ = {isa = PBXBuildFile; fileRef = A8BDB54D1B8198190002F60F /* Main.storyboard */; };
		A8BDB5511B8198190002F60F /* Images.xcassets in Resources */ = {isa = PBXBuildFile; fileRef = A8BDB5501B8198190002F60F /* Images.xcassets */; };
		A8BDB5541B8198190002F60F /* LaunchScreen.xib in Resources */ = {isa = PBXBuildFile; fileRef = A8BDB5521B8198190002F60F /* LaunchScreen.xib */; };
		A8BDB5601B81981A0002F60F /* HFKitDemoTests.m in Sources */ = {isa = PBXBuildFile; fileRef = A8BDB55F1B81981A0002F60F /* HFKitDemoTests.m */; };
/* End PBXBuildFile section */

/* Begin PBXContainerItemProxy section */
		A8BDB55A1B81981A0002F60F /* PBXContainerItemProxy */ = {
			isa = PBXContainerItemProxy;
			containerPortal = A8BDB5381B8198190002F60F /* Project object */;
			proxyType = 1;
			remoteGlobalIDString = A8BDB53F1B8198190002F60F;
			remoteInfo = HFKitDemo;
		};
/* End PBXContainerItemProxy section */

/* Begin PBXFileReference section */
		6A4708AB3D8E6D2A09D73EF5 /* Pods.release.xcconfig */ = {isa = PBXFileReference; includeInIndex = 1; lastKnownFileType = text.xcconfig; name = Pods.release.xcconfig; path = "Pods/Target Support Files/Pods/Pods.release.xcconfig"; sourceTree = "<group>"; };
		A89CFE671C8E82E800679535 /* HFLibs.h */ = {isa = PBXFileReference; fileEncoding = 4; lastKnownFileType = sourcecode.c.h; path = HFLibs.h; sourceTree = "<group>"; };
		A89CFE6A1C8E82E800679535 /* HFButton.h */ = {isa = PBXFileReference; fileEncoding = 4; lastKnownFileType = sourcecode.c.h; path = HFButton.h; sourceTree = "<group>"; };
		A89CFE6B1C8E82E800679535 /* HFButton.m */ = {isa = PBXFileReference; fileEncoding = 4; lastKnownFileType = sourcecode.c.objc; path = HFButton.m; sourceTree = "<group>"; };
		A89CFE6D1C8E82E800679535 /* HFCollectionReusableView.h */ = {isa = PBXFileReference; fileEncoding = 4; lastKnownFileType = sourcecode.c.h; path = HFCollectionReusableView.h; sourceTree = "<group>"; };
		A89CFE6E1C8E82E800679535 /* HFCollectionReusableView.m */ = {isa = PBXFileReference; fileEncoding = 4; lastKnownFileType = sourcecode.c.objc; path = HFCollectionReusableView.m; sourceTree = "<group>"; };
		A89CFE6F1C8E82E800679535 /* HFCollectionViewCell.h */ = {isa = PBXFileReference; fileEncoding = 4; lastKnownFileType = sourcecode.c.h; path = HFCollectionViewCell.h; sourceTree = "<group>"; };
		A89CFE701C8E82E800679535 /* HFCollectionViewCell.m */ = {isa = PBXFileReference; fileEncoding = 4; lastKnownFileType = sourcecode.c.objc; path = HFCollectionViewCell.m; sourceTree = "<group>"; };
		A89CFE721C8E82E800679535 /* HFLabel.h */ = {isa = PBXFileReference; fileEncoding = 4; lastKnownFileType = sourcecode.c.h; path = HFLabel.h; sourceTree = "<group>"; };
		A89CFE731C8E82E800679535 /* HFLabel.m */ = {isa = PBXFileReference; fileEncoding = 4; lastKnownFileType = sourcecode.c.objc; path = HFLabel.m; sourceTree = "<group>"; };
		A89CFE751C8E82E800679535 /* HFCollectionCellObj.h */ = {isa = PBXFileReference; fileEncoding = 4; lastKnownFileType = sourcecode.c.h; path = HFCollectionCellObj.h; sourceTree = "<group>"; };
		A89CFE761C8E82E800679535 /* HFCollectionCellObj.m */ = {isa = PBXFileReference; fileEncoding = 4; lastKnownFileType = sourcecode.c.objc; path = HFCollectionCellObj.m; sourceTree = "<group>"; };
		A89CFE771C8E82E800679535 /* HFCollectionSectionObj.h */ = {isa = PBXFileReference; fileEncoding = 4; lastKnownFileType = sourcecode.c.h; path = HFCollectionSectionObj.h; sourceTree = "<group>"; };
		A89CFE781C8E82E800679535 /* HFCollectionSectionObj.m */ = {isa = PBXFileReference; fileEncoding = 4; lastKnownFileType = sourcecode.c.objc; path = HFCollectionSectionObj.m; sourceTree = "<group>"; };
		A89CFE791C8E82E800679535 /* HFCustomTableCellObj.h */ = {isa = PBXFileReference; fileEncoding = 4; lastKnownFileType = sourcecode.c.h; path = HFCustomTableCellObj.h; sourceTree = "<group>"; };
		A89CFE7A1C8E82E800679535 /* HFCustomTableCellObj.m */ = {isa = PBXFileReference; fileEncoding = 4; lastKnownFileType = sourcecode.c.objc; path = HFCustomTableCellObj.m; sourceTree = "<group>"; };
		A89CFE7B1C8E82E800679535 /* HFCustomTableViewCell.h */ = {isa = PBXFileReference; fileEncoding = 4; lastKnownFileType = sourcecode.c.h; path = HFCustomTableViewCell.h; sourceTree = "<group>"; };
		A89CFE7C1C8E82E800679535 /* HFCustomTableViewCell.m */ = {isa = PBXFileReference; fileEncoding = 4; lastKnownFileType = sourcecode.c.objc; path = HFCustomTableViewCell.m; sourceTree = "<group>"; };
		A89CFE7D1C8E82E800679535 /* HFFormTableCellObj.h */ = {isa = PBXFileReference; fileEncoding = 4; lastKnownFileType = sourcecode.c.h; path = HFFormTableCellObj.h; sourceTree = "<group>"; };
		A89CFE7E1C8E82E800679535 /* HFFormTableCellObj.m */ = {isa = PBXFileReference; fileEncoding = 4; lastKnownFileType = sourcecode.c.objc; path = HFFormTableCellObj.m; sourceTree = "<group>"; };
		A89CFE7F1C8E82E800679535 /* HFFormTableViewCell.h */ = {isa = PBXFileReference; fileEncoding = 4; lastKnownFileType = sourcecode.c.h; path = HFFormTableViewCell.h; sourceTree = "<group>"; };
		A89CFE801C8E82E800679535 /* HFFormTableViewCell.m */ = {isa = PBXFileReference; fileEncoding = 4; lastKnownFileType = sourcecode.c.objc; path = HFFormTableViewCell.m; sourceTree = "<group>"; };
		A89CFE811C8E82E800679535 /* HFTableCellObj.h */ = {isa = PBXFileReference; fileEncoding = 4; lastKnownFileType = sourcecode.c.h; path = HFTableCellObj.h; sourceTree = "<group>"; };
		A89CFE821C8E82E800679535 /* HFTableCellObj.m */ = {isa = PBXFileReference; fileEncoding = 4; lastKnownFileType = sourcecode.c.objc; path = HFTableCellObj.m; sourceTree = "<group>"; };
		A89CFE831C8E82E800679535 /* HFTableSectionObj.h */ = {isa = PBXFileReference; fileEncoding = 4; lastKnownFileType = sourcecode.c.h; path = HFTableSectionObj.h; sourceTree = "<group>"; };
		A89CFE841C8E82E800679535 /* HFTableSectionObj.m */ = {isa = PBXFileReference; fileEncoding = 4; lastKnownFileType = sourcecode.c.objc; path = HFTableSectionObj.m; sourceTree = "<group>"; };
		A89CFE851C8E82E800679535 /* HFTableView.h */ = {isa = PBXFileReference; fileEncoding = 4; lastKnownFileType = sourcecode.c.h; path = HFTableView.h; sourceTree = "<group>"; };
		A89CFE861C8E82E800679535 /* HFTableView.m */ = {isa = PBXFileReference; fileEncoding = 4; lastKnownFileType = sourcecode.c.objc; path = HFTableView.m; sourceTree = "<group>"; };
		A89CFE871C8E82E800679535 /* HFTableViewCell.h */ = {isa = PBXFileReference; fileEncoding = 4; lastKnownFileType = sourcecode.c.h; path = HFTableViewCell.h; sourceTree = "<group>"; };
		A89CFE881C8E82E800679535 /* HFTableViewCell.m */ = {isa = PBXFileReference; fileEncoding = 4; lastKnownFileType = sourcecode.c.objc; path = HFTableViewCell.m; sourceTree = "<group>"; };
		A89CFE8A1C8E82E800679535 /* HFTextField.h */ = {isa = PBXFileReference; fileEncoding = 4; lastKnownFileType = sourcecode.c.h; path = HFTextField.h; sourceTree = "<group>"; };
		A89CFE8B1C8E82E800679535 /* HFTextField.m */ = {isa = PBXFileReference; fileEncoding = 4; lastKnownFileType = sourcecode.c.objc; path = HFTextField.m; sourceTree = "<group>"; };
		A89CFE8D1C8E82E800679535 /* HFTextView.h */ = {isa = PBXFileReference; fileEncoding = 4; lastKnownFileType = sourcecode.c.h; path = HFTextView.h; sourceTree = "<group>"; };
		A89CFE8E1C8E82E800679535 /* HFTextView.m */ = {isa = PBXFileReference; fileEncoding = 4; lastKnownFileType = sourcecode.c.objc; path = HFTextView.m; sourceTree = "<group>"; };
		A89CFE901C8E82E800679535 /* UIView+CGRect.h */ = {isa = PBXFileReference; fileEncoding = 4; lastKnownFileType = sourcecode.c.h; path = "UIView+CGRect.h"; sourceTree = "<group>"; };
		A89CFE911C8E82E800679535 /* UIView+CGRect.m */ = {isa = PBXFileReference; fileEncoding = 4; lastKnownFileType = sourcecode.c.objc; path = "UIView+CGRect.m"; sourceTree = "<group>"; };
		A89CFE921C8E82E800679535 /* UIView+UserInfo.h */ = {isa = PBXFileReference; fileEncoding = 4; lastKnownFileType = sourcecode.c.h; path = "UIView+UserInfo.h"; sourceTree = "<group>"; };
		A89CFE931C8E82E800679535 /* UIView+UserInfo.m */ = {isa = PBXFileReference; fileEncoding = 4; lastKnownFileType = sourcecode.c.objc; path = "UIView+UserInfo.m"; sourceTree = "<group>"; };
		A89CFE951C8E82E800679535 /* UIViewController+HFCollectionView.h */ = {isa = PBXFileReference; fileEncoding = 4; lastKnownFileType = sourcecode.c.h; path = "UIViewController+HFCollectionView.h"; sourceTree = "<group>"; };
		A89CFE961C8E82E800679535 /* UIViewController+HFCollectionView.m */ = {isa = PBXFileReference; fileEncoding = 4; lastKnownFileType = sourcecode.c.objc; path = "UIViewController+HFCollectionView.m"; sourceTree = "<group>"; };
		A89CFE971C8E82E800679535 /* UIViewController+HFTableView.h */ = {isa = PBXFileReference; fileEncoding = 4; lastKnownFileType = sourcecode.c.h; path = "UIViewController+HFTableView.h"; sourceTree = "<group>"; };
		A89CFE981C8E82E800679535 /* UIViewController+HFTableView.m */ = {isa = PBXFileReference; fileEncoding = 4; lastKnownFileType = sourcecode.c.objc; path = "UIViewController+HFTableView.m"; sourceTree = "<group>"; };
		A8BDB5401B8198190002F60F /* HFKitDemo.app */ = {isa = PBXFileReference; explicitFileType = wrapper.application; includeInIndex = 0; path = HFKitDemo.app; sourceTree = BUILT_PRODUCTS_DIR; };
		A8BDB5441B8198190002F60F /* Info.plist */ = {isa = PBXFileReference; lastKnownFileType = text.plist.xml; path = Info.plist; sourceTree = "<group>"; };
		A8BDB5451B8198190002F60F /* main.m */ = {isa = PBXFileReference; lastKnownFileType = sourcecode.c.objc; path = main.m; sourceTree = "<group>"; };
		A8BDB5471B8198190002F60F /* AppDelegate.h */ = {isa = PBXFileReference; lastKnownFileType = sourcecode.c.h; path = AppDelegate.h; sourceTree = "<group>"; };
		A8BDB5481B8198190002F60F /* AppDelegate.m */ = {isa = PBXFileReference; lastKnownFileType = sourcecode.c.objc; path = AppDelegate.m; sourceTree = "<group>"; };
		A8BDB54A1B8198190002F60F /* ViewController.h */ = {isa = PBXFileReference; lastKnownFileType = sourcecode.c.h; path = ViewController.h; sourceTree = "<group>"; };
		A8BDB54B1B8198190002F60F /* ViewController.m */ = {isa = PBXFileReference; lastKnownFileType = sourcecode.c.objc; path = ViewController.m; sourceTree = "<group>"; };
		A8BDB54E1B8198190002F60F /* Base */ = {isa = PBXFileReference; lastKnownFileType = file.storyboard; name = Base; path = Base.lproj/Main.storyboard; sourceTree = "<group>"; };
		A8BDB5501B8198190002F60F /* Images.xcassets */ = {isa = PBXFileReference; lastKnownFileType = folder.assetcatalog; path = Images.xcassets; sourceTree = "<group>"; };
		A8BDB5531B8198190002F60F /* Base */ = {isa = PBXFileReference; lastKnownFileType = file.xib; name = Base; path = Base.lproj/LaunchScreen.xib; sourceTree = "<group>"; };
		A8BDB5591B81981A0002F60F /* HFKitDemoTests.xctest */ = {isa = PBXFileReference; explicitFileType = wrapper.cfbundle; includeInIndex = 0; path = HFKitDemoTests.xctest; sourceTree = BUILT_PRODUCTS_DIR; };
		A8BDB55E1B81981A0002F60F /* Info.plist */ = {isa = PBXFileReference; lastKnownFileType = text.plist.xml; path = Info.plist; sourceTree = "<group>"; };
		A8BDB55F1B81981A0002F60F /* HFKitDemoTests.m */ = {isa = PBXFileReference; lastKnownFileType = sourcecode.c.objc; path = HFKitDemoTests.m; sourceTree = "<group>"; };
		C65D1C999896C836ED7197AC /* libPods.a */ = {isa = PBXFileReference; explicitFileType = archive.ar; includeInIndex = 0; path = libPods.a; sourceTree = BUILT_PRODUCTS_DIR; };
		D1A0675CAAD6AB685AEFCA06 /* Pods.debug.xcconfig */ = {isa = PBXFileReference; includeInIndex = 1; lastKnownFileType = text.xcconfig; name = Pods.debug.xcconfig; path = "Pods/Target Support Files/Pods/Pods.debug.xcconfig"; sourceTree = "<group>"; };
/* End PBXFileReference section */

/* Begin PBXFrameworksBuildPhase section */
		A8BDB53D1B8198190002F60F /* Frameworks */ = {
			isa = PBXFrameworksBuildPhase;
			buildActionMask = 2147483647;
			files = (
				0D15BB857CFBFDDAA0DA1EE1 /* libPods.a in Frameworks */,
			);
			runOnlyForDeploymentPostprocessing = 0;
		};
		A8BDB5561B81981A0002F60F /* Frameworks */ = {
			isa = PBXFrameworksBuildPhase;
			buildActionMask = 2147483647;
			files = (
			);
			runOnlyForDeploymentPostprocessing = 0;
		};
/* End PBXFrameworksBuildPhase section */

/* Begin PBXGroup section */
		33335DC200A36EEB121C1807 /* Frameworks */ = {
			isa = PBXGroup;
			children = (
				C65D1C999896C836ED7197AC /* libPods.a */,
			);
			name = Frameworks;
			sourceTree = "<group>";
		};
		8EB759A6BC5A43A946A9DB5C /* Pods */ = {
			isa = PBXGroup;
			children = (
				D1A0675CAAD6AB685AEFCA06 /* Pods.debug.xcconfig */,
				6A4708AB3D8E6D2A09D73EF5 /* Pods.release.xcconfig */,
			);
			name = Pods;
			sourceTree = "<group>";
		};
		A89CFE661C8E82E800679535 /* HFLibs */ = {
			isa = PBXGroup;
			children = (
				A89CFE671C8E82E800679535 /* HFLibs.h */,
				A89CFE681C8E82E800679535 /* HFViews */,
				A89CFE8F1C8E82E800679535 /* UIViewAdditions */,
				A89CFE941C8E82E800679535 /* UIViewController+HF */,
			);
			name = HFLibs;
			path = ../../HFLibs;
			sourceTree = "<group>";
		};
		A89CFE681C8E82E800679535 /* HFViews */ = {
			isa = PBXGroup;
			children = (
				A89CFE691C8E82E800679535 /* HFButton */,
				A89CFE6C1C8E82E800679535 /* HFCollectionView */,
				A89CFE711C8E82E800679535 /* HFLabel */,
				A89CFE741C8E82E800679535 /* HFTableView */,
				A89CFE891C8E82E800679535 /* HFTextFiled */,
				A89CFE8C1C8E82E800679535 /* HFTextView */,
			);
			path = HFViews;
			sourceTree = "<group>";
		};
		A89CFE691C8E82E800679535 /* HFButton */ = {
			isa = PBXGroup;
			children = (
				A89CFE6A1C8E82E800679535 /* HFButton.h */,
				A89CFE6B1C8E82E800679535 /* HFButton.m */,
			);
			path = HFButton;
			sourceTree = "<group>";
		};
		A89CFE6C1C8E82E800679535 /* HFCollectionView */ = {
			isa = PBXGroup;
			children = (
				A89CFE6D1C8E82E800679535 /* HFCollectionReusableView.h */,
				A89CFE6E1C8E82E800679535 /* HFCollectionReusableView.m */,
				A89CFE6F1C8E82E800679535 /* HFCollectionViewCell.h */,
				A89CFE701C8E82E800679535 /* HFCollectionViewCell.m */,
			);
			path = HFCollectionView;
			sourceTree = "<group>";
		};
		A89CFE711C8E82E800679535 /* HFLabel */ = {
			isa = PBXGroup;
			children = (
				A89CFE721C8E82E800679535 /* HFLabel.h */,
				A89CFE731C8E82E800679535 /* HFLabel.m */,
			);
			path = HFLabel;
			sourceTree = "<group>";
		};
		A89CFE741C8E82E800679535 /* HFTableView */ = {
			isa = PBXGroup;
			children = (
				A89CFE751C8E82E800679535 /* HFCollectionCellObj.h */,
				A89CFE761C8E82E800679535 /* HFCollectionCellObj.m */,
				A89CFE771C8E82E800679535 /* HFCollectionSectionObj.h */,
				A89CFE781C8E82E800679535 /* HFCollectionSectionObj.m */,
				A89CFE791C8E82E800679535 /* HFCustomTableCellObj.h */,
				A89CFE7A1C8E82E800679535 /* HFCustomTableCellObj.m */,
				A89CFE7B1C8E82E800679535 /* HFCustomTableViewCell.h */,
				A89CFE7C1C8E82E800679535 /* HFCustomTableViewCell.m */,
				A89CFE7D1C8E82E800679535 /* HFFormTableCellObj.h */,
				A89CFE7E1C8E82E800679535 /* HFFormTableCellObj.m */,
				A89CFE7F1C8E82E800679535 /* HFFormTableViewCell.h */,
				A89CFE801C8E82E800679535 /* HFFormTableViewCell.m */,
				A89CFE811C8E82E800679535 /* HFTableCellObj.h */,
				A89CFE821C8E82E800679535 /* HFTableCellObj.m */,
				A89CFE831C8E82E800679535 /* HFTableSectionObj.h */,
				A89CFE841C8E82E800679535 /* HFTableSectionObj.m */,
				A89CFE851C8E82E800679535 /* HFTableView.h */,
				A89CFE861C8E82E800679535 /* HFTableView.m */,
				A89CFE871C8E82E800679535 /* HFTableViewCell.h */,
				A89CFE881C8E82E800679535 /* HFTableViewCell.m */,
			);
			path = HFTableView;
			sourceTree = "<group>";
		};
		A89CFE891C8E82E800679535 /* HFTextFiled */ = {
			isa = PBXGroup;
			children = (
				A89CFE8A1C8E82E800679535 /* HFTextField.h */,
				A89CFE8B1C8E82E800679535 /* HFTextField.m */,
			);
			path = HFTextFiled;
			sourceTree = "<group>";
		};
		A89CFE8C1C8E82E800679535 /* HFTextView */ = {
			isa = PBXGroup;
			children = (
				A89CFE8D1C8E82E800679535 /* HFTextView.h */,
				A89CFE8E1C8E82E800679535 /* HFTextView.m */,
			);
			path = HFTextView;
			sourceTree = "<group>";
		};
		A89CFE8F1C8E82E800679535 /* UIViewAdditions */ = {
			isa = PBXGroup;
			children = (
				A89CFE901C8E82E800679535 /* UIView+CGRect.h */,
				A89CFE911C8E82E800679535 /* UIView+CGRect.m */,
				A89CFE921C8E82E800679535 /* UIView+UserInfo.h */,
				A89CFE931C8E82E800679535 /* UIView+UserInfo.m */,
			);
			path = UIViewAdditions;
			sourceTree = "<group>";
		};
		A89CFE941C8E82E800679535 /* UIViewController+HF */ = {
			isa = PBXGroup;
			children = (
				A89CFE951C8E82E800679535 /* UIViewController+HFCollectionView.h */,
				A89CFE961C8E82E800679535 /* UIViewController+HFCollectionView.m */,
				A89CFE971C8E82E800679535 /* UIViewController+HFTableView.h */,
				A89CFE981C8E82E800679535 /* UIViewController+HFTableView.m */,
			);
			path = "UIViewController+HF";
			sourceTree = "<group>";
		};
		A8BDB5371B8198190002F60F = {
			isa = PBXGroup;
			children = (
				A8BDB5421B8198190002F60F /* HFKitDemo */,
				A8BDB55C1B81981A0002F60F /* HFKitDemoTests */,
				A8BDB5411B8198190002F60F /* Products */,
				8EB759A6BC5A43A946A9DB5C /* Pods */,
				33335DC200A36EEB121C1807 /* Frameworks */,
			);
			sourceTree = "<group>";
		};
		A8BDB5411B8198190002F60F /* Products */ = {
			isa = PBXGroup;
			children = (
				A8BDB5401B8198190002F60F /* HFKitDemo.app */,
				A8BDB5591B81981A0002F60F /* HFKitDemoTests.xctest */,
			);
			name = Products;
			sourceTree = "<group>";
		};
		A8BDB5421B8198190002F60F /* HFKitDemo */ = {
			isa = PBXGroup;
			children = (
				A89CFE661C8E82E800679535 /* HFLibs */,
				A8BDB5471B8198190002F60F /* AppDelegate.h */,
				A8BDB5481B8198190002F60F /* AppDelegate.m */,
				A8BDB54A1B8198190002F60F /* ViewController.h */,
				A8BDB54B1B8198190002F60F /* ViewController.m */,
				A8BDB54D1B8198190002F60F /* Main.storyboard */,
				A8BDB5501B8198190002F60F /* Images.xcassets */,
				A8BDB5521B8198190002F60F /* LaunchScreen.xib */,
				A8BDB5431B8198190002F60F /* Supporting Files */,
			);
			path = HFKitDemo;
			sourceTree = "<group>";
		};
		A8BDB5431B8198190002F60F /* Supporting Files */ = {
			isa = PBXGroup;
			children = (
				A8BDB5441B8198190002F60F /* Info.plist */,
				A8BDB5451B8198190002F60F /* main.m */,
			);
			name = "Supporting Files";
			sourceTree = "<group>";
		};
		A8BDB55C1B81981A0002F60F /* HFKitDemoTests */ = {
			isa = PBXGroup;
			children = (
				A8BDB55F1B81981A0002F60F /* HFKitDemoTests.m */,
				A8BDB55D1B81981A0002F60F /* Supporting Files */,
			);
			path = HFKitDemoTests;
			sourceTree = "<group>";
		};
		A8BDB55D1B81981A0002F60F /* Supporting Files */ = {
			isa = PBXGroup;
			children = (
				A8BDB55E1B81981A0002F60F /* Info.plist */,
			);
			name = "Supporting Files";
			sourceTree = "<group>";
		};
/* End PBXGroup section */

/* Begin PBXNativeTarget section */
		A8BDB53F1B8198190002F60F /* HFKitDemo */ = {
			isa = PBXNativeTarget;
			buildConfigurationList = A8BDB5631B81981A0002F60F /* Build configuration list for PBXNativeTarget "HFKitDemo" */;
			buildPhases = (
				607DC6EBFC92C705E31368CC /* Check Pods Manifest.lock */,
				A8BDB53C1B8198190002F60F /* Sources */,
				A8BDB53D1B8198190002F60F /* Frameworks */,
				A8BDB53E1B8198190002F60F /* Resources */,
				0990ED3CCEF2EC05224B7D9E /* Copy Pods Resources */,
				CB50A6EB85D94F4A96B419A7 /* Embed Pods Frameworks */,
			);
			buildRules = (
			);
			dependencies = (
			);
			name = HFKitDemo;
			productName = HFKitDemo;
			productReference = A8BDB5401B8198190002F60F /* HFKitDemo.app */;
			productType = "com.apple.product-type.application";
		};
		A8BDB5581B81981A0002F60F /* HFKitDemoTests */ = {
			isa = PBXNativeTarget;
			buildConfigurationList = A8BDB5661B81981A0002F60F /* Build configuration list for PBXNativeTarget "HFKitDemoTests" */;
			buildPhases = (
				A8BDB5551B81981A0002F60F /* Sources */,
				A8BDB5561B81981A0002F60F /* Frameworks */,
				A8BDB5571B81981A0002F60F /* Resources */,
			);
			buildRules = (
			);
			dependencies = (
				A8BDB55B1B81981A0002F60F /* PBXTargetDependency */,
			);
			name = HFKitDemoTests;
			productName = HFKitDemoTests;
			productReference = A8BDB5591B81981A0002F60F /* HFKitDemoTests.xctest */;
			productType = "com.apple.product-type.bundle.unit-test";
		};
/* End PBXNativeTarget section */

/* Begin PBXProject section */
		A8BDB5381B8198190002F60F /* Project object */ = {
			isa = PBXProject;
			attributes = {
				LastUpgradeCheck = 0640;
				ORGANIZATIONNAME = helfy;
				TargetAttributes = {
					A8BDB53F1B8198190002F60F = {
						CreatedOnToolsVersion = 6.4;
					};
					A8BDB5581B81981A0002F60F = {
						CreatedOnToolsVersion = 6.4;
						TestTargetID = A8BDB53F1B8198190002F60F;
					};
				};
			};
			buildConfigurationList = A8BDB53B1B8198190002F60F /* Build configuration list for PBXProject "HFKitDemo" */;
			compatibilityVersion = "Xcode 3.2";
			developmentRegion = English;
			hasScannedForEncodings = 0;
			knownRegions = (
				en,
				Base,
			);
			mainGroup = A8BDB5371B8198190002F60F;
			productRefGroup = A8BDB5411B8198190002F60F /* Products */;
			projectDirPath = "";
			projectRoot = "";
			targets = (
				A8BDB53F1B8198190002F60F /* HFKitDemo */,
				A8BDB5581B81981A0002F60F /* HFKitDemoTests */,
			);
		};
/* End PBXProject section */

/* Begin PBXResourcesBuildPhase section */
		A8BDB53E1B8198190002F60F /* Resources */ = {
			isa = PBXResourcesBuildPhase;
			buildActionMask = 2147483647;
			files = (
				A8BDB54F1B8198190002F60F /* Main.storyboard in Resources */,
				A8BDB5541B8198190002F60F /* LaunchScreen.xib in Resources */,
				A8BDB5511B8198190002F60F /* Images.xcassets in Resources */,
			);
			runOnlyForDeploymentPostprocessing = 0;
		};
		A8BDB5571B81981A0002F60F /* Resources */ = {
			isa = PBXResourcesBuildPhase;
			buildActionMask = 2147483647;
			files = (
			);
			runOnlyForDeploymentPostprocessing = 0;
		};
/* End PBXResourcesBuildPhase section */

/* Begin PBXShellScriptBuildPhase section */
		0990ED3CCEF2EC05224B7D9E /* Copy Pods Resources */ = {
			isa = PBXShellScriptBuildPhase;
			buildActionMask = 2147483647;
			files = (
			);
			inputPaths = (
			);
			name = "Copy Pods Resources";
			outputPaths = (
			);
			runOnlyForDeploymentPostprocessing = 0;
			shellPath = /bin/sh;
			shellScript = "\"${SRCROOT}/Pods/Target Support Files/Pods/Pods-resources.sh\"\n";
			showEnvVarsInLog = 0;
		};
		607DC6EBFC92C705E31368CC /* Check Pods Manifest.lock */ = {
			isa = PBXShellScriptBuildPhase;
			buildActionMask = 2147483647;
			files = (
			);
			inputPaths = (
			);
			name = "Check Pods Manifest.lock";
			outputPaths = (
			);
			runOnlyForDeploymentPostprocessing = 0;
			shellPath = /bin/sh;
			shellScript = "diff \"${PODS_ROOT}/../Podfile.lock\" \"${PODS_ROOT}/Manifest.lock\" > /dev/null\nif [[ $? != 0 ]] ; then\n    cat << EOM\nerror: The sandbox is not in sync with the Podfile.lock. Run 'pod install' or update your CocoaPods installation.\nEOM\n    exit 1\nfi\n";
			showEnvVarsInLog = 0;
		};
		CB50A6EB85D94F4A96B419A7 /* Embed Pods Frameworks */ = {
			isa = PBXShellScriptBuildPhase;
			buildActionMask = 2147483647;
			files = (
			);
			inputPaths = (
			);
			name = "Embed Pods Frameworks";
			outputPaths = (
			);
			runOnlyForDeploymentPostprocessing = 0;
			shellPath = /bin/sh;
			shellScript = "\"${SRCROOT}/Pods/Target Support Files/Pods/Pods-frameworks.sh\"\n";
			showEnvVarsInLog = 0;
		};
/* End PBXShellScriptBuildPhase section */

/* Begin PBXSourcesBuildPhase section */
		A8BDB53C1B8198190002F60F /* Sources */ = {
			isa = PBXSourcesBuildPhase;
			buildActionMask = 2147483647;
			files = (
				A89CFEA11C8E82E800679535 /* HFFormTableCellObj.m in Sources */,
				A89CFEA81C8E82E800679535 /* HFTextView.m in Sources */,
				A89CFEAA1C8E82E800679535 /* UIView+UserInfo.m in Sources */,
				A8BDB54C1B8198190002F60F /* ViewController.m in Sources */,
				A89CFE9C1C8E82E800679535 /* HFLabel.m in Sources */,
				A89CFEA41C8E82E800679535 /* HFTableSectionObj.m in Sources */,
				A89CFEA61C8E82E800679535 /* HFTableViewCell.m in Sources */,
				A89CFEA91C8E82E800679535 /* UIView+CGRect.m in Sources */,
				A89CFE9E1C8E82E800679535 /* HFCollectionSectionObj.m in Sources */,
				A8BDB5491B8198190002F60F /* AppDelegate.m in Sources */,
				A89CFEA01C8E82E800679535 /* HFCustomTableViewCell.m in Sources */,
				A8BDB5461B8198190002F60F /* main.m in Sources */,
				A89CFEA71C8E82E800679535 /* HFTextField.m in Sources */,
				A89CFE991C8E82E800679535 /* HFButton.m in Sources */,
				A89CFEA51C8E82E800679535 /* HFTableView.m in Sources */,
				A89CFEA21C8E82E800679535 /* HFFormTableViewCell.m in Sources */,
				A89CFE9D1C8E82E800679535 /* HFCollectionCellObj.m in Sources */,
				A89CFEAC1C8E82E800679535 /* UIViewController+HFTableView.m in Sources */,
				A89CFEA31C8E82E800679535 /* HFTableCellObj.m in Sources */,
				A89CFE9B1C8E82E800679535 /* HFCollectionViewCell.m in Sources */,
				A89CFE9A1C8E82E800679535 /* HFCollectionReusableView.m in Sources */,
				A89CFE9F1C8E82E800679535 /* HFCustomTableCellObj.m in Sources */,
				A89CFEAB1C8E82E800679535 /* UIViewController+HFCollectionView.m in Sources */,
			);
			runOnlyForDeploymentPostprocessing = 0;
		};
		A8BDB5551B81981A0002F60F /* Sources */ = {
			isa = PBXSourcesBuildPhase;
			buildActionMask = 2147483647;
			files = (
				A8BDB5601B81981A0002F60F /* HFKitDemoTests.m in Sources */,
			);
			runOnlyForDeploymentPostprocessing = 0;
		};
/* End PBXSourcesBuildPhase section */

/* Begin PBXTargetDependency section */
		A8BDB55B1B81981A0002F60F /* PBXTargetDependency */ = {
			isa = PBXTargetDependency;
			target = A8BDB53F1B8198190002F60F /* HFKitDemo */;
			targetProxy = A8BDB55A1B81981A0002F60F /* PBXContainerItemProxy */;
		};
/* End PBXTargetDependency section */

/* Begin PBXVariantGroup section */
		A8BDB54D1B8198190002F60F /* Main.storyboard */ = {
			isa = PBXVariantGroup;
			children = (
				A8BDB54E1B8198190002F60F /* Base */,
			);
			name = Main.storyboard;
			sourceTree = "<group>";
		};
		A8BDB5521B8198190002F60F /* LaunchScreen.xib */ = {
			isa = PBXVariantGroup;
			children = (
				A8BDB5531B8198190002F60F /* Base */,
			);
			name = LaunchScreen.xib;
			sourceTree = "<group>";
		};
/* End PBXVariantGroup section */

/* Begin XCBuildConfiguration section */
		A8BDB5611B81981A0002F60F /* Debug */ = {
			isa = XCBuildConfiguration;
			buildSettings = {
				ALWAYS_SEARCH_USER_PATHS = NO;
				CLANG_CXX_LANGUAGE_STANDARD = "gnu++0x";
				CLANG_CXX_LIBRARY = "libc++";
				CLANG_ENABLE_MODULES = YES;
				CLANG_ENABLE_OBJC_ARC = YES;
				CLANG_WARN_BOOL_CONVERSION = YES;
				CLANG_WARN_CONSTANT_CONVERSION = YES;
				CLANG_WARN_DIRECT_OBJC_ISA_USAGE = YES_ERROR;
				CLANG_WARN_EMPTY_BODY = YES;
				CLANG_WARN_ENUM_CONVERSION = YES;
				CLANG_WARN_INT_CONVERSION = YES;
				CLANG_WARN_OBJC_ROOT_CLASS = YES_ERROR;
				CLANG_WARN_UNREACHABLE_CODE = YES;
				CLANG_WARN__DUPLICATE_METHOD_MATCH = YES;
				"CODE_SIGN_IDENTITY[sdk=iphoneos*]" = "iPhone Developer";
				COPY_PHASE_STRIP = NO;
				DEBUG_INFORMATION_FORMAT = "dwarf-with-dsym";
				ENABLE_STRICT_OBJC_MSGSEND = YES;
				GCC_C_LANGUAGE_STANDARD = gnu99;
				GCC_DYNAMIC_NO_PIC = NO;
				GCC_NO_COMMON_BLOCKS = YES;
				GCC_OPTIMIZATION_LEVEL = 0;
				GCC_PREPROCESSOR_DEFINITIONS = (
					"DEBUG=1",
					"$(inherited)",
				);
				GCC_SYMBOLS_PRIVATE_EXTERN = NO;
				GCC_WARN_64_TO_32_BIT_CONVERSION = YES;
				GCC_WARN_ABOUT_RETURN_TYPE = YES_ERROR;
				GCC_WARN_UNDECLARED_SELECTOR = YES;
				GCC_WARN_UNINITIALIZED_AUTOS = YES_AGGRESSIVE;
				GCC_WARN_UNUSED_FUNCTION = YES;
				GCC_WARN_UNUSED_VARIABLE = YES;
				IPHONEOS_DEPLOYMENT_TARGET = 8.4;
				MTL_ENABLE_DEBUG_INFO = YES;
				ONLY_ACTIVE_ARCH = YES;
				SDKROOT = iphoneos;
			};
			name = Debug;
		};
		A8BDB5621B81981A0002F60F /* Release */ = {
			isa = XCBuildConfiguration;
			buildSettings = {
				ALWAYS_SEARCH_USER_PATHS = NO;
				CLANG_CXX_LANGUAGE_STANDARD = "gnu++0x";
				CLANG_CXX_LIBRARY = "libc++";
				CLANG_ENABLE_MODULES = YES;
				CLANG_ENABLE_OBJC_ARC = YES;
				CLANG_WARN_BOOL_CONVERSION = YES;
				CLANG_WARN_CONSTANT_CONVERSION = YES;
				CLANG_WARN_DIRECT_OBJC_ISA_USAGE = YES_ERROR;
				CLANG_WARN_EMPTY_BODY = YES;
				CLANG_WARN_ENUM_CONVERSION = YES;
				CLANG_WARN_INT_CONVERSION = YES;
				CLANG_WARN_OBJC_ROOT_CLASS = YES_ERROR;
				CLANG_WARN_UNREACHABLE_CODE = YES;
				CLANG_WARN__DUPLICATE_METHOD_MATCH = YES;
				"CODE_SIGN_IDENTITY[sdk=iphoneos*]" = "iPhone Developer";
				COPY_PHASE_STRIP = NO;
				DEBUG_INFORMATION_FORMAT = "dwarf-with-dsym";
				ENABLE_NS_ASSERTIONS = NO;
				ENABLE_STRICT_OBJC_MSGSEND = YES;
				GCC_C_LANGUAGE_STANDARD = gnu99;
				GCC_NO_COMMON_BLOCKS = YES;
				GCC_WARN_64_TO_32_BIT_CONVERSION = YES;
				GCC_WARN_ABOUT_RETURN_TYPE = YES_ERROR;
				GCC_WARN_UNDECLARED_SELECTOR = YES;
				GCC_WARN_UNINITIALIZED_AUTOS = YES_AGGRESSIVE;
				GCC_WARN_UNUSED_FUNCTION = YES;
				GCC_WARN_UNUSED_VARIABLE = YES;
				IPHONEOS_DEPLOYMENT_TARGET = 8.4;
				MTL_ENABLE_DEBUG_INFO = NO;
				SDKROOT = iphoneos;
				VALIDATE_PRODUCT = YES;
			};
			name = Release;
		};
		A8BDB5641B81981A0002F60F /* Debug */ = {
			isa = XCBuildConfiguration;
			baseConfigurationReference = D1A0675CAAD6AB685AEFCA06 /* Pods.debug.xcconfig */;
			buildSettings = {
				ASSETCATALOG_COMPILER_APPICON_NAME = AppIcon;
				INFOPLIST_FILE = HFKitDemo/Info.plist;
				IPHONEOS_DEPLOYMENT_TARGET = 7.1;
				LD_RUNPATH_SEARCH_PATHS = "$(inherited) @executable_path/Frameworks";
				PRODUCT_NAME = "$(TARGET_NAME)";
			};
			name = Debug;
		};
		A8BDB5651B81981A0002F60F /* Release */ = {
			isa = XCBuildConfiguration;
			baseConfigurationReference = 6A4708AB3D8E6D2A09D73EF5 /* Pods.release.xcconfig */;
			buildSettings = {
				ASSETCATALOG_COMPILER_APPICON_NAME = AppIcon;
				INFOPLIST_FILE = HFKitDemo/Info.plist;
				IPHONEOS_DEPLOYMENT_TARGET = 7.1;
				LD_RUNPATH_SEARCH_PATHS = "$(inherited) @executable_path/Frameworks";
				PRODUCT_NAME = "$(TARGET_NAME)";
			};
			name = Release;
		};
		A8BDB5671B81981A0002F60F /* Debug */ = {
			isa = XCBuildConfiguration;
			buildSettings = {
				BUNDLE_LOADER = "$(TEST_HOST)";
				FRAMEWORK_SEARCH_PATHS = (
					"$(SDKROOT)/Developer/Library/Frameworks",
					"$(inherited)",
				);
				GCC_PREPROCESSOR_DEFINITIONS = (
					"DEBUG=1",
					"$(inherited)",
				);
				INFOPLIST_FILE = HFKitDemoTests/Info.plist;
				LD_RUNPATH_SEARCH_PATHS = "$(inherited) @executable_path/Frameworks @loader_path/Frameworks";
				PRODUCT_NAME = "$(TARGET_NAME)";
				TEST_HOST = "$(BUILT_PRODUCTS_DIR)/HFKitDemo.app/HFKitDemo";
			};
			name = Debug;
		};
		A8BDB5681B81981A0002F60F /* Release */ = {
			isa = XCBuildConfiguration;
			buildSettings = {
				BUNDLE_LOADER = "$(TEST_HOST)";
				FRAMEWORK_SEARCH_PATHS = (
					"$(SDKROOT)/Developer/Library/Frameworks",
					"$(inherited)",
				);
				INFOPLIST_FILE = HFKitDemoTests/Info.plist;
				LD_RUNPATH_SEARCH_PATHS = "$(inherited) @executable_path/Frameworks @loader_path/Frameworks";
				PRODUCT_NAME = "$(TARGET_NAME)";
				TEST_HOST = "$(BUILT_PRODUCTS_DIR)/HFKitDemo.app/HFKitDemo";
			};
			name = Release;
		};
/* End XCBuildConfiguration section */

/* Begin XCConfigurationList section */
		A8BDB53B1B8198190002F60F /* Build configuration list for PBXProject "HFKitDemo" */ = {
			isa = XCConfigurationList;
			buildConfigurations = (
				A8BDB5611B81981A0002F60F /* Debug */,
				A8BDB5621B81981A0002F60F /* Release */,
			);
			defaultConfigurationIsVisible = 0;
			defaultConfigurationName = Release;
		};
		A8BDB5631B81981A0002F60F /* Build configuration list for PBXNativeTarget "HFKitDemo" */ = {
			isa = XCConfigurationList;
			buildConfigurations = (
				A8BDB5641B81981A0002F60F /* Debug */,
				A8BDB5651B81981A0002F60F /* Release */,
			);
			defaultConfigurationIsVisible = 0;
			defaultConfigurationName = Release;
		};
		A8BDB5661B81981A0002F60F /* Build configuration list for PBXNativeTarget "HFKitDemoTests" */ = {
			isa = XCConfigurationList;
			buildConfigurations = (
				A8BDB5671B81981A0002F60F /* Debug */,
				A8BDB5681B81981A0002F60F /* Release */,
			);
			defaultConfigurationIsVisible = 0;
			defaultConfigurationName = Release;
		};
/* End XCConfigurationList section */
	};
	rootObject = A8BDB5381B8198190002F60F /* Project object */;
}
